
Microsoft Visual Studio Solution File, Format Version 12.00
# Visual Studio Version 17
VisualStudioVersion = 17.7.34031.279
MinimumVisualStudioVersion = 10.0.40219.1
Project("{FAE04EC0-301F-11D3-BF4B-00C04F79EFBC}") = "MiniProjecttt", "MiniProjecttt.csproj", "{E8004EE3-03BC-4CB7-A7CD-0BE0E281FFBB}"
EndProject
Global
	GlobalSection(SolutionConfigurationPlatforms) = preSolution
		Debug|Any CPU = Debug|Any CPU
		Release|Any CPU = Release|Any CPU
	EndGlobalSection
	GlobalSection(ProjectConfigurationPlatforms) = postSolution
		{E8004EE3-03BC-4CB7-A7CD-0BE0E281FFBB}.Debug|Any CPU.ActiveCfg = Debug|Any CPU
		{E8004EE3-03BC-4CB7-A7CD-0BE0E281FFBB}.Debug|Any CPU.Build.0 = Debug|Any CPU
		{E8004EE3-03BC-4CB7-A7CD-0BE0E281FFBB}.Release|Any CPU.ActiveCfg = Release|Any CPU
		{E8004EE3-03BC-4CB7-A7CD-0BE0E281FFBB}.Release|Any CPU.Build.0 = Release|Any CPU
	EndGlobalSection
	GlobalSection(SolutionProperties) = preSolution
		HideSolutionNode = FALSE
	EndGlobalSection
	GlobalSection(ExtensibilityGlobals) = postSolution
		SolutionGuid = {C454B180-5349-4E80-A75A-9DCE3837573C}
	EndGlobalSection
EndGlobal
